// !$*UTF8*$!
{
	archiveVersion = 1;
	classes = {
	};
	objectVersion = 60;
	objects = {

/* Begin PBXBuildFile section */
		B308A0872B1E1DA300F442E9 /* MockMissionService.swift in Sources */ = {isa = PBXBuildFile; fileRef = B308A0862B1E1DA300F442E9 /* MockMissionService.swift */; };
		B382F2F32B1A329900920396 /* FullImageViewRepresentable.swift in Sources */ = {isa = PBXBuildFile; fileRef = B382F2F22B1A329900920396 /* FullImageViewRepresentable.swift */; };
		B382F2F52B1A4E2E00920396 /* YoutubeVideoViewRepresentable.swift in Sources */ = {isa = PBXBuildFile; fileRef = B382F2F42B1A4E2E00920396 /* YoutubeVideoViewRepresentable.swift */; };
		B382F3002B1A5DE300920396 /* LaunchList.graphql in Resources */ = {isa = PBXBuildFile; fileRef = B382F2FF2B1A5DE300920396 /* LaunchList.graphql */; };
		B382F3022B1A5DF300920396 /* LaunchDetail.graphql in Resources */ = {isa = PBXBuildFile; fileRef = B382F3012B1A5DF300920396 /* LaunchDetail.graphql */; };
		B382F30C2B1A6F5400920396 /* schema.graphqls in Resources */ = {isa = PBXBuildFile; fileRef = B382F30B2B1A6F5400920396 /* schema.graphqls */; };
		B382F30F2B1A6FC500920396 /* SpaceXRavnAPI in Frameworks */ = {isa = PBXBuildFile; productRef = B382F30E2B1A6FC500920396 /* SpaceXRavnAPI */; };
		B382F3112B1A700000920396 /* NetworkApolloSingleton.swift in Sources */ = {isa = PBXBuildFile; fileRef = B382F3102B1A700000920396 /* NetworkApolloSingleton.swift */; };
		B382F3132B1A70BD00920396 /* Apollo in Frameworks */ = {isa = PBXBuildFile; productRef = B382F3122B1A70BD00920396 /* Apollo */; };
		B382F3172B1A745600920396 /* MissionServiceI.swift in Sources */ = {isa = PBXBuildFile; fileRef = B382F3162B1A745600920396 /* MissionServiceI.swift */; };
		B382F31A2B1A756B00920396 /* ListMissionViewModel.swift in Sources */ = {isa = PBXBuildFile; fileRef = B382F3192B1A756B00920396 /* ListMissionViewModel.swift */; };
		B382F31D2B1A76DE00920396 /* NetworkError.swift in Sources */ = {isa = PBXBuildFile; fileRef = B382F31C2B1A76DE00920396 /* NetworkError.swift */; };
		B382F31F2B1A76F200920396 /* NetworkDataStatus.swift in Sources */ = {isa = PBXBuildFile; fileRef = B382F31E2B1A76F200920396 /* NetworkDataStatus.swift */; };
		B382F3212B1A7ADF00920396 /* ApolloSQLite in Frameworks */ = {isa = PBXBuildFile; productRef = B382F3202B1A7ADF00920396 /* ApolloSQLite */; };
		B382F3262B1A7F6600920396 /* CustomProgressView.swift in Sources */ = {isa = PBXBuildFile; fileRef = B382F3252B1A7F6600920396 /* CustomProgressView.swift */; };
		B382F32E2B1A8D1400920396 /* EmptyDataView.swift in Sources */ = {isa = PBXBuildFile; fileRef = B382F32D2B1A8D1400920396 /* EmptyDataView.swift */; };
		B382F33B2B1A9C2100920396 /* InternetConnectionStatusView.swift in Sources */ = {isa = PBXBuildFile; fileRef = B382F33A2B1A9C2100920396 /* InternetConnectionStatusView.swift */; };
		B382F33D2B1AA2E100920396 /* MissionDetailViewModel.swift in Sources */ = {isa = PBXBuildFile; fileRef = B382F33C2B1AA2E100920396 /* MissionDetailViewModel.swift */; };
		B382F3402B1AA5A700920396 /* Reachability in Frameworks */ = {isa = PBXBuildFile; productRef = B382F33F2B1AA5A700920396 /* Reachability */; };
		B382F3432B1AA63700920396 /* RechabilityMonitor.swift in Sources */ = {isa = PBXBuildFile; fileRef = B382F3422B1AA63700920396 /* RechabilityMonitor.swift */; };
		B3B5EE432B1973B6007CB725 /* SpaceX_RavnApp.swift in Sources */ = {isa = PBXBuildFile; fileRef = B3B5EE422B1973B6007CB725 /* SpaceX_RavnApp.swift */; };
		B3B5EE452B1973B6007CB725 /* MainSpacexRavnView.swift in Sources */ = {isa = PBXBuildFile; fileRef = B3B5EE442B1973B6007CB725 /* MainSpacexRavnView.swift */; };
		B3B5EE472B1973B8007CB725 /* Assets.xcassets in Resources */ = {isa = PBXBuildFile; fileRef = B3B5EE462B1973B8007CB725 /* Assets.xcassets */; };
		B3B5EE4A2B1973B8007CB725 /* Preview Assets.xcassets in Resources */ = {isa = PBXBuildFile; fileRef = B3B5EE492B1973B8007CB725 /* Preview Assets.xcassets */; };
		B3B5EE542B1973B8007CB725 /* SpaceX_RavnTests.swift in Sources */ = {isa = PBXBuildFile; fileRef = B3B5EE532B1973B8007CB725 /* SpaceX_RavnTests.swift */; };
		B3B5EE5E2B1973B8007CB725 /* SpaceX_RavnUITests.swift in Sources */ = {isa = PBXBuildFile; fileRef = B3B5EE5D2B1973B8007CB725 /* SpaceX_RavnUITests.swift */; };
		B3B5EE602B1973B8007CB725 /* SpaceX_RavnUITestsLaunchTests.swift in Sources */ = {isa = PBXBuildFile; fileRef = B3B5EE5F2B1973B8007CB725 /* SpaceX_RavnUITestsLaunchTests.swift */; };
		B3B5EE752B197996007CB725 /* ListMissionsView.swift in Sources */ = {isa = PBXBuildFile; fileRef = B3B5EE742B197996007CB725 /* ListMissionsView.swift */; };
		B3B5EE782B1979B7007CB725 /* MissionDetailView.swift in Sources */ = {isa = PBXBuildFile; fileRef = B3B5EE772B1979B7007CB725 /* MissionDetailView.swift */; };
		B3B5EE852B198EAD007CB725 /* MissionListItemView.swift in Sources */ = {isa = PBXBuildFile; fileRef = B3B5EE842B198EAD007CB725 /* MissionListItemView.swift */; };
		B3B5EE8A2B1999D0007CB725 /* MissionService.swift in Sources */ = {isa = PBXBuildFile; fileRef = B3B5EE892B1999D0007CB725 /* MissionService.swift */; };
		B3C2E2A52B1CEA7C001DB6AF /* Localizable.xcstrings in Resources */ = {isa = PBXBuildFile; fileRef = B3C2E2A42B1CEA7C001DB6AF /* Localizable.xcstrings */; };
		B3C2E2A82B1CF7D9001DB6AF /* DateFormatter+Extensions.swift in Sources */ = {isa = PBXBuildFile; fileRef = B3C2E2A72B1CF7D9001DB6AF /* DateFormatter+Extensions.swift */; };
		B3C2E2AB2B1D03E4001DB6AF /* SafariWebView.swift in Sources */ = {isa = PBXBuildFile; fileRef = B3C2E2AA2B1D03E4001DB6AF /* SafariWebView.swift */; };
		B3C2E2AF2B1D27C0001DB6AF /* SpaceX_RavnTests_MissionServiceTests.swift in Sources */ = {isa = PBXBuildFile; fileRef = B3C2E2AE2B1D27C0001DB6AF /* SpaceX_RavnTests_MissionServiceTests.swift */; };
		B3C2E2B12B1D29E6001DB6AF /* ApolloTestSupport in Frameworks */ = {isa = PBXBuildFile; productRef = B3C2E2B02B1D29E6001DB6AF /* ApolloTestSupport */; };
		B3C2E2B32B1D40E1001DB6AF /* launch_list.json in Resources */ = {isa = PBXBuildFile; fileRef = B3C2E2B22B1D40E1001DB6AF /* launch_list.json */; };
/* End PBXBuildFile section */

/* Begin PBXContainerItemProxy section */
		B3B5EE502B1973B8007CB725 /* PBXContainerItemProxy */ = {
			isa = PBXContainerItemProxy;
			containerPortal = B3B5EE372B1973B6007CB725 /* Project object */;
			proxyType = 1;
			remoteGlobalIDString = B3B5EE3E2B1973B6007CB725;
			remoteInfo = "SpaceX-Ravn";
		};
		B3B5EE5A2B1973B8007CB725 /* PBXContainerItemProxy */ = {
			isa = PBXContainerItemProxy;
			containerPortal = B3B5EE372B1973B6007CB725 /* Project object */;
			proxyType = 1;
			remoteGlobalIDString = B3B5EE3E2B1973B6007CB725;
			remoteInfo = "SpaceX-Ravn";
		};
/* End PBXContainerItemProxy section */

/* Begin PBXFileReference section */
		B308A0862B1E1DA300F442E9 /* MockMissionService.swift */ = {isa = PBXFileReference; lastKnownFileType = sourcecode.swift; path = MockMissionService.swift; sourceTree = "<group>"; };
		B382F2F22B1A329900920396 /* FullImageViewRepresentable.swift */ = {isa = PBXFileReference; lastKnownFileType = sourcecode.swift; path = FullImageViewRepresentable.swift; sourceTree = "<group>"; };
		B382F2F42B1A4E2E00920396 /* YoutubeVideoViewRepresentable.swift */ = {isa = PBXFileReference; lastKnownFileType = sourcecode.swift; path = YoutubeVideoViewRepresentable.swift; sourceTree = "<group>"; };
		B382F2FF2B1A5DE300920396 /* LaunchList.graphql */ = {isa = PBXFileReference; lastKnownFileType = text; path = LaunchList.graphql; sourceTree = "<group>"; };
		B382F3012B1A5DF300920396 /* LaunchDetail.graphql */ = {isa = PBXFileReference; lastKnownFileType = text; path = LaunchDetail.graphql; sourceTree = "<group>"; };
		B382F30B2B1A6F5400920396 /* schema.graphqls */ = {isa = PBXFileReference; fileEncoding = 4; lastKnownFileType = text; path = schema.graphqls; sourceTree = "<group>"; };
		B382F3102B1A700000920396 /* NetworkApolloSingleton.swift */ = {isa = PBXFileReference; lastKnownFileType = sourcecode.swift; path = NetworkApolloSingleton.swift; sourceTree = "<group>"; };
		B382F3162B1A745600920396 /* MissionServiceI.swift */ = {isa = PBXFileReference; lastKnownFileType = sourcecode.swift; path = MissionServiceI.swift; sourceTree = "<group>"; };
		B382F3192B1A756B00920396 /* ListMissionViewModel.swift */ = {isa = PBXFileReference; lastKnownFileType = sourcecode.swift; path = ListMissionViewModel.swift; sourceTree = "<group>"; };
		B382F31C2B1A76DE00920396 /* NetworkError.swift */ = {isa = PBXFileReference; lastKnownFileType = sourcecode.swift; path = NetworkError.swift; sourceTree = "<group>"; };
		B382F31E2B1A76F200920396 /* NetworkDataStatus.swift */ = {isa = PBXFileReference; lastKnownFileType = sourcecode.swift; path = NetworkDataStatus.swift; sourceTree = "<group>"; };
		B382F3252B1A7F6600920396 /* CustomProgressView.swift */ = {isa = PBXFileReference; lastKnownFileType = sourcecode.swift; path = CustomProgressView.swift; sourceTree = "<group>"; };
		B382F32D2B1A8D1400920396 /* EmptyDataView.swift */ = {isa = PBXFileReference; lastKnownFileType = sourcecode.swift; path = EmptyDataView.swift; sourceTree = "<group>"; };
		B382F33A2B1A9C2100920396 /* InternetConnectionStatusView.swift */ = {isa = PBXFileReference; lastKnownFileType = sourcecode.swift; path = InternetConnectionStatusView.swift; sourceTree = "<group>"; };
		B382F33C2B1AA2E100920396 /* MissionDetailViewModel.swift */ = {isa = PBXFileReference; lastKnownFileType = sourcecode.swift; path = MissionDetailViewModel.swift; sourceTree = "<group>"; };
		B382F3422B1AA63700920396 /* RechabilityMonitor.swift */ = {isa = PBXFileReference; lastKnownFileType = sourcecode.swift; path = RechabilityMonitor.swift; sourceTree = "<group>"; };
		B3B5EE3F2B1973B6007CB725 /* SpaceX-Ravn.app */ = {isa = PBXFileReference; explicitFileType = wrapper.application; includeInIndex = 0; path = "SpaceX-Ravn.app"; sourceTree = BUILT_PRODUCTS_DIR; };
		B3B5EE422B1973B6007CB725 /* SpaceX_RavnApp.swift */ = {isa = PBXFileReference; lastKnownFileType = sourcecode.swift; path = SpaceX_RavnApp.swift; sourceTree = "<group>"; };
		B3B5EE442B1973B6007CB725 /* MainSpacexRavnView.swift */ = {isa = PBXFileReference; lastKnownFileType = sourcecode.swift; path = MainSpacexRavnView.swift; sourceTree = "<group>"; };
		B3B5EE462B1973B8007CB725 /* Assets.xcassets */ = {isa = PBXFileReference; lastKnownFileType = folder.assetcatalog; path = Assets.xcassets; sourceTree = "<group>"; };
		B3B5EE492B1973B8007CB725 /* Preview Assets.xcassets */ = {isa = PBXFileReference; lastKnownFileType = folder.assetcatalog; path = "Preview Assets.xcassets"; sourceTree = "<group>"; };
		B3B5EE4F2B1973B8007CB725 /* SpaceX-RavnTests.xctest */ = {isa = PBXFileReference; explicitFileType = wrapper.cfbundle; includeInIndex = 0; path = "SpaceX-RavnTests.xctest"; sourceTree = BUILT_PRODUCTS_DIR; };
		B3B5EE532B1973B8007CB725 /* SpaceX_RavnTests.swift */ = {isa = PBXFileReference; lastKnownFileType = sourcecode.swift; path = SpaceX_RavnTests.swift; sourceTree = "<group>"; };
		B3B5EE592B1973B8007CB725 /* SpaceX-RavnUITests.xctest */ = {isa = PBXFileReference; explicitFileType = wrapper.cfbundle; includeInIndex = 0; path = "SpaceX-RavnUITests.xctest"; sourceTree = BUILT_PRODUCTS_DIR; };
		B3B5EE5D2B1973B8007CB725 /* SpaceX_RavnUITests.swift */ = {isa = PBXFileReference; lastKnownFileType = sourcecode.swift; path = SpaceX_RavnUITests.swift; sourceTree = "<group>"; };
		B3B5EE5F2B1973B8007CB725 /* SpaceX_RavnUITestsLaunchTests.swift */ = {isa = PBXFileReference; lastKnownFileType = sourcecode.swift; path = SpaceX_RavnUITestsLaunchTests.swift; sourceTree = "<group>"; };
		B3B5EE742B197996007CB725 /* ListMissionsView.swift */ = {isa = PBXFileReference; lastKnownFileType = sourcecode.swift; path = ListMissionsView.swift; sourceTree = "<group>"; };
		B3B5EE772B1979B7007CB725 /* MissionDetailView.swift */ = {isa = PBXFileReference; lastKnownFileType = sourcecode.swift; path = MissionDetailView.swift; sourceTree = "<group>"; };
		B3B5EE842B198EAD007CB725 /* MissionListItemView.swift */ = {isa = PBXFileReference; lastKnownFileType = sourcecode.swift; path = MissionListItemView.swift; sourceTree = "<group>"; };
		B3B5EE892B1999D0007CB725 /* MissionService.swift */ = {isa = PBXFileReference; lastKnownFileType = sourcecode.swift; path = MissionService.swift; sourceTree = "<group>"; };
		B3B5EE8F2B19A541007CB725 /* Info.plist */ = {isa = PBXFileReference; lastKnownFileType = text.plist.xml; path = Info.plist; sourceTree = "<group>"; };
		B3C2E2A42B1CEA7C001DB6AF /* Localizable.xcstrings */ = {isa = PBXFileReference; lastKnownFileType = text.json.xcstrings; path = Localizable.xcstrings; sourceTree = "<group>"; };
		B3C2E2A72B1CF7D9001DB6AF /* DateFormatter+Extensions.swift */ = {isa = PBXFileReference; lastKnownFileType = sourcecode.swift; path = "DateFormatter+Extensions.swift"; sourceTree = "<group>"; };
		B3C2E2AA2B1D03E4001DB6AF /* SafariWebView.swift */ = {isa = PBXFileReference; lastKnownFileType = sourcecode.swift; path = SafariWebView.swift; sourceTree = "<group>"; };
		B3C2E2AE2B1D27C0001DB6AF /* SpaceX_RavnTests_MissionServiceTests.swift */ = {isa = PBXFileReference; lastKnownFileType = sourcecode.swift; path = SpaceX_RavnTests_MissionServiceTests.swift; sourceTree = "<group>"; };
		B3C2E2B22B1D40E1001DB6AF /* launch_list.json */ = {isa = PBXFileReference; lastKnownFileType = text.json; path = launch_list.json; sourceTree = "<group>"; };
/* End PBXFileReference section */

/* Begin PBXFrameworksBuildPhase section */
		B3B5EE3C2B1973B6007CB725 /* Frameworks */ = {
			isa = PBXFrameworksBuildPhase;
			buildActionMask = 2147483647;
			files = (
				B382F30F2B1A6FC500920396 /* SpaceXRavnAPI in Frameworks */,
				B3C2E2B12B1D29E6001DB6AF /* ApolloTestSupport in Frameworks */,
				B382F3402B1AA5A700920396 /* Reachability in Frameworks */,
				B382F3132B1A70BD00920396 /* Apollo in Frameworks */,
				B382F3212B1A7ADF00920396 /* ApolloSQLite in Frameworks */,
			);
			runOnlyForDeploymentPostprocessing = 0;
		};
		B3B5EE4C2B1973B8007CB725 /* Frameworks */ = {
			isa = PBXFrameworksBuildPhase;
			buildActionMask = 2147483647;
			files = (
			);
			runOnlyForDeploymentPostprocessing = 0;
		};
		B3B5EE562B1973B8007CB725 /* Frameworks */ = {
			isa = PBXFrameworksBuildPhase;
			buildActionMask = 2147483647;
			files = (
			);
			runOnlyForDeploymentPostprocessing = 0;
		};
/* End PBXFrameworksBuildPhase section */

/* Begin PBXGroup section */
		B308A0842B1E1D6500F442E9 /* Mock Data */ = {
			isa = PBXGroup;
			children = (
				B3C2E2B22B1D40E1001DB6AF /* launch_list.json */,
			);
			path = "Mock Data";
			sourceTree = "<group>";
		};
		B308A0852B1E1D9200F442E9 /* Mock Service */ = {
			isa = PBXGroup;
			children = (
				B308A0862B1E1DA300F442E9 /* MockMissionService.swift */,
			);
			path = "Mock Service";
			sourceTree = "<group>";
		};
		B382F2ED2B1A266500920396 /* List Item View */ = {
			isa = PBXGroup;
			children = (
				B3B5EE842B198EAD007CB725 /* MissionListItemView.swift */,
			);
			path = "List Item View";
			sourceTree = "<group>";
		};
		B382F2EE2B1A2EF200920396 /* Dialog */ = {
			isa = PBXGroup;
			children = (
				B382F2EF2B1A2EF800920396 /* Full Image View */,
			);
			path = Dialog;
			sourceTree = "<group>";
		};
		B382F2EF2B1A2EF800920396 /* Full Image View */ = {
			isa = PBXGroup;
			children = (
				B382F2F22B1A329900920396 /* FullImageViewRepresentable.swift */,
			);
			path = "Full Image View";
			sourceTree = "<group>";
		};
		B382F2FC2B1A5DD400920396 /* graphql */ = {
			isa = PBXGroup;
			children = (
				B382F30B2B1A6F5400920396 /* schema.graphqls */,
				B382F2FF2B1A5DE300920396 /* LaunchList.graphql */,
				B382F3012B1A5DF300920396 /* LaunchDetail.graphql */,
			);
			path = graphql;
			sourceTree = "<group>";
		};
		B382F3082B1A6CEC00920396 /* Frameworks */ = {
			isa = PBXGroup;
			children = (
			);
			name = Frameworks;
			sourceTree = "<group>";
		};
		B382F3142B1A744000920396 /* View Model */ = {
			isa = PBXGroup;
			children = (
				B382F3192B1A756B00920396 /* ListMissionViewModel.swift */,
			);
			path = "View Model";
			sourceTree = "<group>";
		};
		B382F3152B1A744B00920396 /* Protocol */ = {
			isa = PBXGroup;
			children = (
				B382F3162B1A745600920396 /* MissionServiceI.swift */,
			);
			path = Protocol;
			sourceTree = "<group>";
		};
		B382F31B2B1A76CC00920396 /* Utilities */ = {
			isa = PBXGroup;
			children = (
				B382F31C2B1A76DE00920396 /* NetworkError.swift */,
				B382F31E2B1A76F200920396 /* NetworkDataStatus.swift */,
			);
			path = Utilities;
			sourceTree = "<group>";
		};
		B382F3242B1A7F4600920396 /* Helper Views */ = {
			isa = PBXGroup;
			children = (
				B3C2E2A92B1D03C8001DB6AF /* View Representable */,
				B382F3252B1A7F6600920396 /* CustomProgressView.swift */,
				B382F32D2B1A8D1400920396 /* EmptyDataView.swift */,
				B382F33A2B1A9C2100920396 /* InternetConnectionStatusView.swift */,
			);
			path = "Helper Views";
			sourceTree = "<group>";
		};
		B382F3272B1A7FE100920396 /* View Model */ = {
			isa = PBXGroup;
			children = (
				B382F33C2B1AA2E100920396 /* MissionDetailViewModel.swift */,
			);
			path = "View Model";
			sourceTree = "<group>";
		};
		B382F3412B1AA62700920396 /* Reachability */ = {
			isa = PBXGroup;
			children = (
				B382F3422B1AA63700920396 /* RechabilityMonitor.swift */,
			);
			path = Reachability;
			sourceTree = "<group>";
		};
		B3B5EE362B1973B6007CB725 = {
			isa = PBXGroup;
			children = (
				B3B5EE412B1973B6007CB725 /* SpaceX-Ravn */,
				B3B5EE522B1973B8007CB725 /* SpaceX-RavnTests */,
				B3B5EE5C2B1973B8007CB725 /* SpaceX-RavnUITests */,
				B3B5EE402B1973B6007CB725 /* Products */,
				B382F3082B1A6CEC00920396 /* Frameworks */,
			);
			sourceTree = "<group>";
		};
		B3B5EE402B1973B6007CB725 /* Products */ = {
			isa = PBXGroup;
			children = (
				B3B5EE3F2B1973B6007CB725 /* SpaceX-Ravn.app */,
				B3B5EE4F2B1973B8007CB725 /* SpaceX-RavnTests.xctest */,
				B3B5EE592B1973B8007CB725 /* SpaceX-RavnUITests.xctest */,
			);
			name = Products;
			sourceTree = "<group>";
		};
		B3B5EE412B1973B6007CB725 /* SpaceX-Ravn */ = {
			isa = PBXGroup;
			children = (
				B382F2FC2B1A5DD400920396 /* graphql */,
				B3B5EE6E2B197668007CB725 /* Core */,
				B3B5EE6D2B19762B007CB725 /* Ui */,
				B3B5EE422B1973B6007CB725 /* SpaceX_RavnApp.swift */,
				B3B5EE442B1973B6007CB725 /* MainSpacexRavnView.swift */,
				B3B5EE462B1973B8007CB725 /* Assets.xcassets */,
				B3B5EE8F2B19A541007CB725 /* Info.plist */,
				B3B5EE482B1973B8007CB725 /* Preview Content */,
			);
			path = "SpaceX-Ravn";
			sourceTree = "<group>";
		};
		B3B5EE482B1973B8007CB725 /* Preview Content */ = {
			isa = PBXGroup;
			children = (
				B3B5EE492B1973B8007CB725 /* Preview Assets.xcassets */,
			);
			path = "Preview Content";
			sourceTree = "<group>";
		};
		B3B5EE522B1973B8007CB725 /* SpaceX-RavnTests */ = {
			isa = PBXGroup;
			children = (
				B308A0852B1E1D9200F442E9 /* Mock Service */,
				B308A0842B1E1D6500F442E9 /* Mock Data */,
				B3B5EE532B1973B8007CB725 /* SpaceX_RavnTests.swift */,
				B3C2E2AE2B1D27C0001DB6AF /* SpaceX_RavnTests_MissionServiceTests.swift */,
			);
			path = "SpaceX-RavnTests";
			sourceTree = "<group>";
		};
		B3B5EE5C2B1973B8007CB725 /* SpaceX-RavnUITests */ = {
			isa = PBXGroup;
			children = (
				B3B5EE5D2B1973B8007CB725 /* SpaceX_RavnUITests.swift */,
				B3B5EE5F2B1973B8007CB725 /* SpaceX_RavnUITestsLaunchTests.swift */,
			);
			path = "SpaceX-RavnUITests";
			sourceTree = "<group>";
		};
		B3B5EE6D2B19762B007CB725 /* Ui */ = {
			isa = PBXGroup;
			children = (
				B382F3242B1A7F4600920396 /* Helper Views */,
				B382F2EE2B1A2EF200920396 /* Dialog */,
				B3B5EE762B1979A9007CB725 /* Mission Detail View */,
				B3B5EE722B197979007CB725 /* List Missions View */,
			);
			path = Ui;
			sourceTree = "<group>";
		};
		B3B5EE6E2B197668007CB725 /* Core */ = {
			isa = PBXGroup;
			children = (
				B3C2E2A62B1CF15D001DB6AF /* Extensions */,
				B3C2E2A32B1CEA1E001DB6AF /* Localizable String */,
				B382F3412B1AA62700920396 /* Reachability */,
				B382F31B2B1A76CC00920396 /* Utilities */,
				B3B5EE882B1999C1007CB725 /* Service */,
			);
			path = Core;
			sourceTree = "<group>";
		};
		B3B5EE722B197979007CB725 /* List Missions View */ = {
			isa = PBXGroup;
			children = (
				B382F3142B1A744000920396 /* View Model */,
				B382F2ED2B1A266500920396 /* List Item View */,
				B3B5EE742B197996007CB725 /* ListMissionsView.swift */,
			);
			path = "List Missions View";
			sourceTree = "<group>";
		};
		B3B5EE762B1979A9007CB725 /* Mission Detail View */ = {
			isa = PBXGroup;
			children = (
				B382F3272B1A7FE100920396 /* View Model */,
				B3B5EE772B1979B7007CB725 /* MissionDetailView.swift */,
			);
			path = "Mission Detail View";
			sourceTree = "<group>";
		};
		B3B5EE882B1999C1007CB725 /* Service */ = {
			isa = PBXGroup;
			children = (
				B382F3152B1A744B00920396 /* Protocol */,
				B3B5EE892B1999D0007CB725 /* MissionService.swift */,
				B382F3102B1A700000920396 /* NetworkApolloSingleton.swift */,
			);
			path = Service;
			sourceTree = "<group>";
		};
		B3C2E2A32B1CEA1E001DB6AF /* Localizable String */ = {
			isa = PBXGroup;
			children = (
				B3C2E2A42B1CEA7C001DB6AF /* Localizable.xcstrings */,
			);
			path = "Localizable String";
			sourceTree = "<group>";
		};
		B3C2E2A62B1CF15D001DB6AF /* Extensions */ = {
			isa = PBXGroup;
			children = (
				B3C2E2A72B1CF7D9001DB6AF /* DateFormatter+Extensions.swift */,
			);
			path = Extensions;
			sourceTree = "<group>";
		};
		B3C2E2A92B1D03C8001DB6AF /* View Representable */ = {
			isa = PBXGroup;
			children = (
				B382F2F42B1A4E2E00920396 /* YoutubeVideoViewRepresentable.swift */,
				B3C2E2AA2B1D03E4001DB6AF /* SafariWebView.swift */,
			);
			path = "View Representable";
			sourceTree = "<group>";
		};
/* End PBXGroup section */

/* Begin PBXNativeTarget section */
		B3B5EE3E2B1973B6007CB725 /* SpaceX-Ravn */ = {
			isa = PBXNativeTarget;
			buildConfigurationList = B3B5EE632B1973B8007CB725 /* Build configuration list for PBXNativeTarget "SpaceX-Ravn" */;
			buildPhases = (
				B3B5EE3B2B1973B6007CB725 /* Sources */,
				B3B5EE3C2B1973B6007CB725 /* Frameworks */,
				B3B5EE3D2B1973B6007CB725 /* Resources */,
			);
			buildRules = (
			);
			dependencies = (
			);
			name = "SpaceX-Ravn";
			packageProductDependencies = (
				B382F30E2B1A6FC500920396 /* SpaceXRavnAPI */,
				B382F3122B1A70BD00920396 /* Apollo */,
				B382F3202B1A7ADF00920396 /* ApolloSQLite */,
				B382F33F2B1AA5A700920396 /* Reachability */,
				B3C2E2B02B1D29E6001DB6AF /* ApolloTestSupport */,
			);
			productName = "SpaceX-Ravn";
			productReference = B3B5EE3F2B1973B6007CB725 /* SpaceX-Ravn.app */;
			productType = "com.apple.product-type.application";
		};
		B3B5EE4E2B1973B8007CB725 /* SpaceX-RavnTests */ = {
			isa = PBXNativeTarget;
			buildConfigurationList = B3B5EE662B1973B8007CB725 /* Build configuration list for PBXNativeTarget "SpaceX-RavnTests" */;
			buildPhases = (
				B3B5EE4B2B1973B8007CB725 /* Sources */,
				B3B5EE4C2B1973B8007CB725 /* Frameworks */,
				B3B5EE4D2B1973B8007CB725 /* Resources */,
			);
			buildRules = (
			);
			dependencies = (
				B3B5EE512B1973B8007CB725 /* PBXTargetDependency */,
			);
			name = "SpaceX-RavnTests";
			productName = "SpaceX-RavnTests";
			productReference = B3B5EE4F2B1973B8007CB725 /* SpaceX-RavnTests.xctest */;
			productType = "com.apple.product-type.bundle.unit-test";
		};
		B3B5EE582B1973B8007CB725 /* SpaceX-RavnUITests */ = {
			isa = PBXNativeTarget;
			buildConfigurationList = B3B5EE692B1973B8007CB725 /* Build configuration list for PBXNativeTarget "SpaceX-RavnUITests" */;
			buildPhases = (
				B3B5EE552B1973B8007CB725 /* Sources */,
				B3B5EE562B1973B8007CB725 /* Frameworks */,
				B3B5EE572B1973B8007CB725 /* Resources */,
			);
			buildRules = (
			);
			dependencies = (
				B3B5EE5B2B1973B8007CB725 /* PBXTargetDependency */,
			);
			name = "SpaceX-RavnUITests";
			productName = "SpaceX-RavnUITests";
			productReference = B3B5EE592B1973B8007CB725 /* SpaceX-RavnUITests.xctest */;
			productType = "com.apple.product-type.bundle.ui-testing";
		};
/* End PBXNativeTarget section */

/* Begin PBXProject section */
		B3B5EE372B1973B6007CB725 /* Project object */ = {
			isa = PBXProject;
			attributes = {
				BuildIndependentTargetsInParallel = 1;
				LastSwiftUpdateCheck = 1500;
				LastUpgradeCheck = 1500;
				TargetAttributes = {
					B3B5EE3E2B1973B6007CB725 = {
						CreatedOnToolsVersion = 15.0.1;
					};
					B3B5EE4E2B1973B8007CB725 = {
						CreatedOnToolsVersion = 15.0.1;
						TestTargetID = B3B5EE3E2B1973B6007CB725;
					};
					B3B5EE582B1973B8007CB725 = {
						CreatedOnToolsVersion = 15.0.1;
						TestTargetID = B3B5EE3E2B1973B6007CB725;
					};
				};
			};
			buildConfigurationList = B3B5EE3A2B1973B6007CB725 /* Build configuration list for PBXProject "SpaceX-Ravn" */;
			compatibilityVersion = "Xcode 14.0";
			developmentRegion = en;
			hasScannedForEncodings = 0;
			knownRegions = (
				en,
				Base,
				"es-419",
			);
			mainGroup = B3B5EE362B1973B6007CB725;
			packageReferences = (
				B3B5EE862B1999AE007CB725 /* XCRemoteSwiftPackageReference "apollo-ios" */,
				B382F30D2B1A6FC500920396 /* XCLocalSwiftPackageReference "SpaceXRavnAPI" */,
				B382F33E2B1AA5A700920396 /* XCRemoteSwiftPackageReference "Reachability" */,
			);
			productRefGroup = B3B5EE402B1973B6007CB725 /* Products */;
			projectDirPath = "";
			projectRoot = "";
			targets = (
				B3B5EE3E2B1973B6007CB725 /* SpaceX-Ravn */,
				B3B5EE4E2B1973B8007CB725 /* SpaceX-RavnTests */,
				B3B5EE582B1973B8007CB725 /* SpaceX-RavnUITests */,
			);
		};
/* End PBXProject section */

/* Begin PBXResourcesBuildPhase section */
		B3B5EE3D2B1973B6007CB725 /* Resources */ = {
			isa = PBXResourcesBuildPhase;
			buildActionMask = 2147483647;
			files = (
				B3B5EE4A2B1973B8007CB725 /* Preview Assets.xcassets in Resources */,
				B382F30C2B1A6F5400920396 /* schema.graphqls in Resources */,
				B3C2E2A52B1CEA7C001DB6AF /* Localizable.xcstrings in Resources */,
				B382F3022B1A5DF300920396 /* LaunchDetail.graphql in Resources */,
				B382F3002B1A5DE300920396 /* LaunchList.graphql in Resources */,
				B3B5EE472B1973B8007CB725 /* Assets.xcassets in Resources */,
			);
			runOnlyForDeploymentPostprocessing = 0;
		};
		B3B5EE4D2B1973B8007CB725 /* Resources */ = {
			isa = PBXResourcesBuildPhase;
			buildActionMask = 2147483647;
			files = (
				B3C2E2B32B1D40E1001DB6AF /* launch_list.json in Resources */,
			);
			runOnlyForDeploymentPostprocessing = 0;
		};
		B3B5EE572B1973B8007CB725 /* Resources */ = {
			isa = PBXResourcesBuildPhase;
			buildActionMask = 2147483647;
			files = (
			);
			runOnlyForDeploymentPostprocessing = 0;
		};
/* End PBXResourcesBuildPhase section */

/* Begin PBXSourcesBuildPhase section */
		B3B5EE3B2B1973B6007CB725 /* Sources */ = {
			isa = PBXSourcesBuildPhase;
			buildActionMask = 2147483647;
			files = (
				B3B5EE452B1973B6007CB725 /* MainSpacexRavnView.swift in Sources */,
				B3C2E2AB2B1D03E4001DB6AF /* SafariWebView.swift in Sources */,
				B3C2E2A82B1CF7D9001DB6AF /* DateFormatter+Extensions.swift in Sources */,
				B382F32E2B1A8D1400920396 /* EmptyDataView.swift in Sources */,
				B382F31D2B1A76DE00920396 /* NetworkError.swift in Sources */,
				B382F31F2B1A76F200920396 /* NetworkDataStatus.swift in Sources */,
				B382F2F52B1A4E2E00920396 /* YoutubeVideoViewRepresentable.swift in Sources */,
				B3B5EE752B197996007CB725 /* ListMissionsView.swift in Sources */,
				B382F3262B1A7F6600920396 /* CustomProgressView.swift in Sources */,
				B382F3172B1A745600920396 /* MissionServiceI.swift in Sources */,
				B382F31A2B1A756B00920396 /* ListMissionViewModel.swift in Sources */,
				B3B5EE8A2B1999D0007CB725 /* MissionService.swift in Sources */,
				B382F3112B1A700000920396 /* NetworkApolloSingleton.swift in Sources */,
				B382F2F32B1A329900920396 /* FullImageViewRepresentable.swift in Sources */,
				B3B5EE432B1973B6007CB725 /* SpaceX_RavnApp.swift in Sources */,
				B382F3432B1AA63700920396 /* RechabilityMonitor.swift in Sources */,
				B382F33D2B1AA2E100920396 /* MissionDetailViewModel.swift in Sources */,
				B3B5EE852B198EAD007CB725 /* MissionListItemView.swift in Sources */,
				B3B5EE782B1979B7007CB725 /* MissionDetailView.swift in Sources */,
				B382F33B2B1A9C2100920396 /* InternetConnectionStatusView.swift in Sources */,
			);
			runOnlyForDeploymentPostprocessing = 0;
		};
		B3B5EE4B2B1973B8007CB725 /* Sources */ = {
			isa = PBXSourcesBuildPhase;
			buildActionMask = 2147483647;
			files = (
				B3B5EE542B1973B8007CB725 /* SpaceX_RavnTests.swift in Sources */,
				B308A0872B1E1DA300F442E9 /* MockMissionService.swift in Sources */,
				B3C2E2AF2B1D27C0001DB6AF /* SpaceX_RavnTests_MissionServiceTests.swift in Sources */,
			);
			runOnlyForDeploymentPostprocessing = 0;
		};
		B3B5EE552B1973B8007CB725 /* Sources */ = {
			isa = PBXSourcesBuildPhase;
			buildActionMask = 2147483647;
			files = (
				B3B5EE5E2B1973B8007CB725 /* SpaceX_RavnUITests.swift in Sources */,
				B3B5EE602B1973B8007CB725 /* SpaceX_RavnUITestsLaunchTests.swift in Sources */,
			);
			runOnlyForDeploymentPostprocessing = 0;
		};
/* End PBXSourcesBuildPhase section */

/* Begin PBXTargetDependency section */
		B3B5EE512B1973B8007CB725 /* PBXTargetDependency */ = {
			isa = PBXTargetDependency;
			target = B3B5EE3E2B1973B6007CB725 /* SpaceX-Ravn */;
			targetProxy = B3B5EE502B1973B8007CB725 /* PBXContainerItemProxy */;
		};
		B3B5EE5B2B1973B8007CB725 /* PBXTargetDependency */ = {
			isa = PBXTargetDependency;
			target = B3B5EE3E2B1973B6007CB725 /* SpaceX-Ravn */;
			targetProxy = B3B5EE5A2B1973B8007CB725 /* PBXContainerItemProxy */;
		};
/* End PBXTargetDependency section */

/* Begin XCBuildConfiguration section */
		B3B5EE612B1973B8007CB725 /* Debug */ = {
			isa = XCBuildConfiguration;
			buildSettings = {
				ALWAYS_SEARCH_USER_PATHS = NO;
				ASSETCATALOG_COMPILER_GENERATE_SWIFT_ASSET_SYMBOL_EXTENSIONS = YES;
				CLANG_ANALYZER_NONNULL = YES;
				CLANG_ANALYZER_NUMBER_OBJECT_CONVERSION = YES_AGGRESSIVE;
				CLANG_CXX_LANGUAGE_STANDARD = "gnu++20";
				CLANG_ENABLE_MODULES = YES;
				CLANG_ENABLE_OBJC_ARC = YES;
				CLANG_ENABLE_OBJC_WEAK = YES;
				CLANG_WARN_BLOCK_CAPTURE_AUTORELEASING = YES;
				CLANG_WARN_BOOL_CONVERSION = YES;
				CLANG_WARN_COMMA = YES;
				CLANG_WARN_CONSTANT_CONVERSION = YES;
				CLANG_WARN_DEPRECATED_OBJC_IMPLEMENTATIONS = YES;
				CLANG_WARN_DIRECT_OBJC_ISA_USAGE = YES_ERROR;
				CLANG_WARN_DOCUMENTATION_COMMENTS = YES;
				CLANG_WARN_EMPTY_BODY = YES;
				CLANG_WARN_ENUM_CONVERSION = YES;
				CLANG_WARN_INFINITE_RECURSION = YES;
				CLANG_WARN_INT_CONVERSION = YES;
				CLANG_WARN_NON_LITERAL_NULL_CONVERSION = YES;
				CLANG_WARN_OBJC_IMPLICIT_RETAIN_SELF = YES;
				CLANG_WARN_OBJC_LITERAL_CONVERSION = YES;
				CLANG_WARN_OBJC_ROOT_CLASS = YES_ERROR;
				CLANG_WARN_QUOTED_INCLUDE_IN_FRAMEWORK_HEADER = YES;
				CLANG_WARN_RANGE_LOOP_ANALYSIS = YES;
				CLANG_WARN_STRICT_PROTOTYPES = YES;
				CLANG_WARN_SUSPICIOUS_MOVE = YES;
				CLANG_WARN_UNGUARDED_AVAILABILITY = YES_AGGRESSIVE;
				CLANG_WARN_UNREACHABLE_CODE = YES;
				CLANG_WARN__DUPLICATE_METHOD_MATCH = YES;
				COPY_PHASE_STRIP = NO;
				DEBUG_INFORMATION_FORMAT = dwarf;
				ENABLE_STRICT_OBJC_MSGSEND = YES;
				ENABLE_TESTABILITY = YES;
				ENABLE_USER_SCRIPT_SANDBOXING = YES;
				GCC_C_LANGUAGE_STANDARD = gnu17;
				GCC_DYNAMIC_NO_PIC = NO;
				GCC_NO_COMMON_BLOCKS = YES;
				GCC_OPTIMIZATION_LEVEL = 0;
				GCC_PREPROCESSOR_DEFINITIONS = (
					"DEBUG=1",
					"$(inherited)",
				);
				GCC_WARN_64_TO_32_BIT_CONVERSION = YES;
				GCC_WARN_ABOUT_RETURN_TYPE = YES_ERROR;
				GCC_WARN_UNDECLARED_SELECTOR = YES;
				GCC_WARN_UNINITIALIZED_AUTOS = YES_AGGRESSIVE;
				GCC_WARN_UNUSED_FUNCTION = YES;
				GCC_WARN_UNUSED_VARIABLE = YES;
				IPHONEOS_DEPLOYMENT_TARGET = 16.0;
				LOCALIZATION_PREFERS_STRING_CATALOGS = YES;
				MTL_ENABLE_DEBUG_INFO = INCLUDE_SOURCE;
				MTL_FAST_MATH = YES;
				ONLY_ACTIVE_ARCH = YES;
				SDKROOT = iphoneos;
				SWIFT_ACTIVE_COMPILATION_CONDITIONS = "DEBUG $(inherited)";
				SWIFT_OPTIMIZATION_LEVEL = "-Onone";
			};
			name = Debug;
		};
		B3B5EE622B1973B8007CB725 /* Release */ = {
			isa = XCBuildConfiguration;
			buildSettings = {
				ALWAYS_SEARCH_USER_PATHS = NO;
				ASSETCATALOG_COMPILER_GENERATE_SWIFT_ASSET_SYMBOL_EXTENSIONS = YES;
				CLANG_ANALYZER_NONNULL = YES;
				CLANG_ANALYZER_NUMBER_OBJECT_CONVERSION = YES_AGGRESSIVE;
				CLANG_CXX_LANGUAGE_STANDARD = "gnu++20";
				CLANG_ENABLE_MODULES = YES;
				CLANG_ENABLE_OBJC_ARC = YES;
				CLANG_ENABLE_OBJC_WEAK = YES;
				CLANG_WARN_BLOCK_CAPTURE_AUTORELEASING = YES;
				CLANG_WARN_BOOL_CONVERSION = YES;
				CLANG_WARN_COMMA = YES;
				CLANG_WARN_CONSTANT_CONVERSION = YES;
				CLANG_WARN_DEPRECATED_OBJC_IMPLEMENTATIONS = YES;
				CLANG_WARN_DIRECT_OBJC_ISA_USAGE = YES_ERROR;
				CLANG_WARN_DOCUMENTATION_COMMENTS = YES;
				CLANG_WARN_EMPTY_BODY = YES;
				CLANG_WARN_ENUM_CONVERSION = YES;
				CLANG_WARN_INFINITE_RECURSION = YES;
				CLANG_WARN_INT_CONVERSION = YES;
				CLANG_WARN_NON_LITERAL_NULL_CONVERSION = YES;
				CLANG_WARN_OBJC_IMPLICIT_RETAIN_SELF = YES;
				CLANG_WARN_OBJC_LITERAL_CONVERSION = YES;
				CLANG_WARN_OBJC_ROOT_CLASS = YES_ERROR;
				CLANG_WARN_QUOTED_INCLUDE_IN_FRAMEWORK_HEADER = YES;
				CLANG_WARN_RANGE_LOOP_ANALYSIS = YES;
				CLANG_WARN_STRICT_PROTOTYPES = YES;
				CLANG_WARN_SUSPICIOUS_MOVE = YES;
				CLANG_WARN_UNGUARDED_AVAILABILITY = YES_AGGRESSIVE;
				CLANG_WARN_UNREACHABLE_CODE = YES;
				CLANG_WARN__DUPLICATE_METHOD_MATCH = YES;
				COPY_PHASE_STRIP = NO;
				DEBUG_INFORMATION_FORMAT = "dwarf-with-dsym";
				ENABLE_NS_ASSERTIONS = NO;
				ENABLE_STRICT_OBJC_MSGSEND = YES;
				ENABLE_USER_SCRIPT_SANDBOXING = YES;
				GCC_C_LANGUAGE_STANDARD = gnu17;
				GCC_NO_COMMON_BLOCKS = YES;
				GCC_WARN_64_TO_32_BIT_CONVERSION = YES;
				GCC_WARN_ABOUT_RETURN_TYPE = YES_ERROR;
				GCC_WARN_UNDECLARED_SELECTOR = YES;
				GCC_WARN_UNINITIALIZED_AUTOS = YES_AGGRESSIVE;
				GCC_WARN_UNUSED_FUNCTION = YES;
				GCC_WARN_UNUSED_VARIABLE = YES;
				IPHONEOS_DEPLOYMENT_TARGET = 16.0;
				LOCALIZATION_PREFERS_STRING_CATALOGS = YES;
				MTL_ENABLE_DEBUG_INFO = NO;
				MTL_FAST_MATH = YES;
				SDKROOT = iphoneos;
				SWIFT_COMPILATION_MODE = wholemodule;
				VALIDATE_PRODUCT = YES;
			};
			name = Release;
		};
		B3B5EE642B1973B8007CB725 /* Debug */ = {
			isa = XCBuildConfiguration;
			buildSettings = {
				ASSETCATALOG_COMPILER_APPICON_NAME = AppIcon;
				ASSETCATALOG_COMPILER_GLOBAL_ACCENT_COLOR_NAME = AccentColor;
				CODE_SIGN_STYLE = Automatic;
				CURRENT_PROJECT_VERSION = 1;
				DEVELOPMENT_ASSET_PATHS = "\"SpaceX-Ravn/Preview Content\"";
				DEVELOPMENT_TEAM = HKA6PJ3AC9;
				ENABLE_PREVIEWS = YES;
				GENERATE_INFOPLIST_FILE = YES;
				INFOPLIST_FILE = "SpaceX-Ravn/Info.plist";
				INFOPLIST_KEY_UIApplicationSceneManifest_Generation = YES;
				INFOPLIST_KEY_UIApplicationSupportsIndirectInputEvents = YES;
				INFOPLIST_KEY_UIRequiresFullScreen = YES;
				INFOPLIST_KEY_UISupportedInterfaceOrientations = "UIInterfaceOrientationLandscapeLeft UIInterfaceOrientationLandscapeRight UIInterfaceOrientationPortrait";
				IPHONEOS_DEPLOYMENT_TARGET = 16.0;
				LD_RUNPATH_SEARCH_PATHS = (
					"$(inherited)",
					"@executable_path/Frameworks",
				);
				MARKETING_VERSION = 1.0.0;
				PRODUCT_BUNDLE_IDENTIFIER = "com.lopezleo.SpaceX-Ravn";
				PRODUCT_NAME = "$(TARGET_NAME)";
				SWIFT_EMIT_LOC_STRINGS = YES;
				SWIFT_VERSION = 5.0;
				TARGETED_DEVICE_FAMILY = "1,2";
			};
			name = Debug;
		};
		B3B5EE652B1973B8007CB725 /* Release */ = {
			isa = XCBuildConfiguration;
			buildSettings = {
				ASSETCATALOG_COMPILER_APPICON_NAME = AppIcon;
				ASSETCATALOG_COMPILER_GLOBAL_ACCENT_COLOR_NAME = AccentColor;
				CODE_SIGN_STYLE = Automatic;
				CURRENT_PROJECT_VERSION = 1;
				DEVELOPMENT_ASSET_PATHS = "\"SpaceX-Ravn/Preview Content\"";
				DEVELOPMENT_TEAM = HKA6PJ3AC9;
				ENABLE_PREVIEWS = YES;
				GENERATE_INFOPLIST_FILE = YES;
				INFOPLIST_FILE = "SpaceX-Ravn/Info.plist";
				INFOPLIST_KEY_UIApplicationSceneManifest_Generation = YES;
				INFOPLIST_KEY_UIApplicationSupportsIndirectInputEvents = YES;
				INFOPLIST_KEY_UIRequiresFullScreen = YES;
				INFOPLIST_KEY_UISupportedInterfaceOrientations = "UIInterfaceOrientationLandscapeLeft UIInterfaceOrientationLandscapeRight UIInterfaceOrientationPortrait";
				IPHONEOS_DEPLOYMENT_TARGET = 16.0;
				LD_RUNPATH_SEARCH_PATHS = (
					"$(inherited)",
					"@executable_path/Frameworks",
				);
				MARKETING_VERSION = 1.0.0;
				PRODUCT_BUNDLE_IDENTIFIER = "com.lopezleo.SpaceX-Ravn";
				PRODUCT_NAME = "$(TARGET_NAME)";
				SWIFT_EMIT_LOC_STRINGS = YES;
				SWIFT_VERSION = 5.0;
				TARGETED_DEVICE_FAMILY = "1,2";
			};
			name = Release;
		};
		B3B5EE672B1973B8007CB725 /* Debug */ = {
			isa = XCBuildConfiguration;
			buildSettings = {
				ALWAYS_EMBED_SWIFT_STANDARD_LIBRARIES = YES;
				BUNDLE_LOADER = "$(TEST_HOST)";
				CODE_SIGN_STYLE = Automatic;
				CURRENT_PROJECT_VERSION = 1;
				DEVELOPMENT_TEAM = HKA6PJ3AC9;
				GENERATE_INFOPLIST_FILE = YES;
				IPHONEOS_DEPLOYMENT_TARGET = 16.0;
				MARKETING_VERSION = 1.0;
				PRODUCT_BUNDLE_IDENTIFIER = "com.lopezleo.SpaceX-RavnTests";
				PRODUCT_NAME = "$(TARGET_NAME)";
				SWIFT_EMIT_LOC_STRINGS = NO;
				SWIFT_VERSION = 5.0;
				TARGETED_DEVICE_FAMILY = "1,2";
				TEST_HOST = "$(BUILT_PRODUCTS_DIR)/SpaceX-Ravn.app/$(BUNDLE_EXECUTABLE_FOLDER_PATH)/SpaceX-Ravn";
			};
			name = Debug;
		};
		B3B5EE682B1973B8007CB725 /* Release */ = {
			isa = XCBuildConfiguration;
			buildSettings = {
				ALWAYS_EMBED_SWIFT_STANDARD_LIBRARIES = YES;
				BUNDLE_LOADER = "$(TEST_HOST)";
				CODE_SIGN_STYLE = Automatic;
				CURRENT_PROJECT_VERSION = 1;
				DEVELOPMENT_TEAM = HKA6PJ3AC9;
				GENERATE_INFOPLIST_FILE = YES;
				IPHONEOS_DEPLOYMENT_TARGET = 16.0;
				MARKETING_VERSION = 1.0;
				PRODUCT_BUNDLE_IDENTIFIER = "com.lopezleo.SpaceX-RavnTests";
				PRODUCT_NAME = "$(TARGET_NAME)";
				SWIFT_EMIT_LOC_STRINGS = NO;
				SWIFT_VERSION = 5.0;
				TARGETED_DEVICE_FAMILY = "1,2";
				TEST_HOST = "$(BUILT_PRODUCTS_DIR)/SpaceX-Ravn.app/$(BUNDLE_EXECUTABLE_FOLDER_PATH)/SpaceX-Ravn";
			};
			name = Release;
		};
		B3B5EE6A2B1973B8007CB725 /* Debug */ = {
			isa = XCBuildConfiguration;
			buildSettings = {
				ALWAYS_EMBED_SWIFT_STANDARD_LIBRARIES = YES;
				CODE_SIGN_STYLE = Automatic;
				CURRENT_PROJECT_VERSION = 1;
				DEVELOPMENT_TEAM = HKA6PJ3AC9;
				GENERATE_INFOPLIST_FILE = YES;
				MARKETING_VERSION = 1.0;
				PRODUCT_BUNDLE_IDENTIFIER = "com.lopezleo.SpaceX-RavnUITests";
				PRODUCT_NAME = "$(TARGET_NAME)";
				SWIFT_EMIT_LOC_STRINGS = NO;
				SWIFT_VERSION = 5.0;
				TARGETED_DEVICE_FAMILY = "1,2";
				TEST_TARGET_NAME = "SpaceX-Ravn";
			};
			name = Debug;
		};
		B3B5EE6B2B1973B8007CB725 /* Release */ = {
			isa = XCBuildConfiguration;
			buildSettings = {
				ALWAYS_EMBED_SWIFT_STANDARD_LIBRARIES = YES;
				CODE_SIGN_STYLE = Automatic;
				CURRENT_PROJECT_VERSION = 1;
				DEVELOPMENT_TEAM = HKA6PJ3AC9;
				GENERATE_INFOPLIST_FILE = YES;
				MARKETING_VERSION = 1.0;
				PRODUCT_BUNDLE_IDENTIFIER = "com.lopezleo.SpaceX-RavnUITests";
				PRODUCT_NAME = "$(TARGET_NAME)";
				SWIFT_EMIT_LOC_STRINGS = NO;
				SWIFT_VERSION = 5.0;
				TARGETED_DEVICE_FAMILY = "1,2";
				TEST_TARGET_NAME = "SpaceX-Ravn";
			};
			name = Release;
		};
/* End XCBuildConfiguration section */

/* Begin XCConfigurationList section */
		B3B5EE3A2B1973B6007CB725 /* Build configuration list for PBXProject "SpaceX-Ravn" */ = {
			isa = XCConfigurationList;
			buildConfigurations = (
				B3B5EE612B1973B8007CB725 /* Debug */,
				B3B5EE622B1973B8007CB725 /* Release */,
			);
			defaultConfigurationIsVisible = 0;
			defaultConfigurationName = Release;
		};
		B3B5EE632B1973B8007CB725 /* Build configuration list for PBXNativeTarget "SpaceX-Ravn" */ = {
			isa = XCConfigurationList;
			buildConfigurations = (
				B3B5EE642B1973B8007CB725 /* Debug */,
				B3B5EE652B1973B8007CB725 /* Release */,
			);
			defaultConfigurationIsVisible = 0;
			defaultConfigurationName = Release;
		};
		B3B5EE662B1973B8007CB725 /* Build configuration list for PBXNativeTarget "SpaceX-RavnTests" */ = {
			isa = XCConfigurationList;
			buildConfigurations = (
				B3B5EE672B1973B8007CB725 /* Debug */,
				B3B5EE682B1973B8007CB725 /* Release */,
			);
			defaultConfigurationIsVisible = 0;
			defaultConfigurationName = Release;
		};
		B3B5EE692B1973B8007CB725 /* Build configuration list for PBXNativeTarget "SpaceX-RavnUITests" */ = {
			isa = XCConfigurationList;
			buildConfigurations = (
				B3B5EE6A2B1973B8007CB725 /* Debug */,
				B3B5EE6B2B1973B8007CB725 /* Release */,
			);
			defaultConfigurationIsVisible = 0;
			defaultConfigurationName = Release;
		};
/* End XCConfigurationList section */

/* Begin XCLocalSwiftPackageReference section */
		B382F30D2B1A6FC500920396 /* XCLocalSwiftPackageReference "SpaceXRavnAPI" */ = {
			isa = XCLocalSwiftPackageReference;
			relativePath = SpaceXRavnAPI;
		};
/* End XCLocalSwiftPackageReference section */

/* Begin XCRemoteSwiftPackageReference section */
		B382F33E2B1AA5A700920396 /* XCRemoteSwiftPackageReference "Reachability" */ = {
			isa = XCRemoteSwiftPackageReference;
			repositoryURL = "https://github.com/ashleymills/Reachability.swift";
			requirement = {
				branch = master;
				kind = branch;
			};
		};
		B3B5EE862B1999AE007CB725 /* XCRemoteSwiftPackageReference "apollo-ios" */ = {
			isa = XCRemoteSwiftPackageReference;
			repositoryURL = "https://github.com/apollographql/apollo-ios";
			requirement = {
				kind = exactVersion;
				version = 1.7.0;
			};
		};
/* End XCRemoteSwiftPackageReference section */

/* Begin XCSwiftPackageProductDependency section */
		B382F30E2B1A6FC500920396 /* SpaceXRavnAPI */ = {
			isa = XCSwiftPackageProductDependency;
			productName = SpaceXRavnAPI;
		};
		B382F3122B1A70BD00920396 /* Apollo */ = {
			isa = XCSwiftPackageProductDependency;
			package = B3B5EE862B1999AE007CB725 /* XCRemoteSwiftPackageReference "apollo-ios" */;
			productName = Apollo;
		};
		B382F3202B1A7ADF00920396 /* ApolloSQLite */ = {
			isa = XCSwiftPackageProductDependency;
			package = B3B5EE862B1999AE007CB725 /* XCRemoteSwiftPackageReference "apollo-ios" */;
			productName = ApolloSQLite;
		};
		B382F33F2B1AA5A700920396 /* Reachability */ = {
			isa = XCSwiftPackageProductDependency;
			package = B382F33E2B1AA5A700920396 /* XCRemoteSwiftPackageReference "Reachability" */;
			productName = Reachability;
		};
		B3C2E2B02B1D29E6001DB6AF /* ApolloTestSupport */ = {
			isa = XCSwiftPackageProductDependency;
			package = B3B5EE862B1999AE007CB725 /* XCRemoteSwiftPackageReference "apollo-ios" */;
			productName = ApolloTestSupport;
		};
/* End XCSwiftPackageProductDependency section */
	};
	rootObject = B3B5EE372B1973B6007CB725 /* Project object */;
}
